
Microsoft Visual Studio Solution File, Format Version 12.00
# Visual Studio Version 16
VisualStudioVersion = 16.0.30320.27
MinimumVisualStudioVersion = 10.0.40219.1
Project("{FAE04EC0-301F-11D3-BF4B-00C04F79EFBC}") = "GPS Parser", "Serial\GPS Parser.csproj", "{7DD846A1-7E1D-4076-A74D-98D01A1FE99C}"
EndProject
Global
	GlobalSection(SolutionConfigurationPlatforms) = preSolution
		Debug|Any CPU = Debug|Any CPU
		Release|Any CPU = Release|Any CPU
	EndGlobalSection
	GlobalSection(ProjectConfigurationPlatforms) = postSolution
		{7DD846A1-7E1D-4076-A74D-98D01A1FE99C}.Debug|Any CPU.ActiveCfg = Debug|Any CPU
		{7DD846A1-7E1D-4076-A74D-98D01A1FE99C}.Debug|Any CPU.Build.0 = Debug|Any CPU
		{7DD846A1-7E1D-4076-A74D-98D01A1FE99C}.Release|Any CPU.ActiveCfg = Release|Any CPU
		{7DD846A1-7E1D-4076-A74D-98D01A1FE99C}.Release|Any CPU.Build.0 = Release|Any CPU
	EndGlobalSection
	GlobalSection(SolutionProperties) = preSolution
		HideSolutionNode = FALSE
	EndGlobalSection
	GlobalSection(ExtensibilityGlobals) = postSolution
		SolutionGuid = {E74F9FB1-1EC8-4747-9BE4-E375A1AD821E}
	EndGlobalSection
EndGlobal
